
Microsoft Visual Studio Solution File, Format Version 12.00
# Visual Studio 15
Project("{FAE04EC0-301F-11D3-BF4B-00C04F79EFBC}") = "Sample.Server.WebAuthenticator", "Sample.Server.WebAuthenticator.csproj", "{BF81B6C5-8C63-4BA3-8800-0F0B95C5566A}"
EndProject
Global
	GlobalSection(SolutionConfigurationPlatforms) = preSolution
		Debug|Any CPU = Debug|Any CPU
		Release|Any CPU = Release|Any CPU
	EndGlobalSection
	GlobalSection(ProjectConfigurationPlatforms) = postSolution
		{BF81B6C5-8C63-4BA3-8800-0F0B95C5566A}.Debug|Any CPU.ActiveCfg = Debug|Any CPU
		{BF81B6C5-8C63-4BA3-8800-0F0B95C5566A}.Debug|Any CPU.Build.0 = Debug|Any CPU
		{BF81B6C5-8C63-4BA3-8800-0F0B95C5566A}.Release|Any CPU.ActiveCfg = Release|Any CPU
		{BF81B6C5-8C63-4BA3-8800-0F0B95C5566A}.Release|Any CPU.Build.0 = Release|Any CPU
	EndGlobalSection
EndGlobal
