
Microsoft Visual Studio Solution File, Format Version 12.00
# Visual Studio 15
Project("{FAE04EC0-301F-11D3-BF4B-00C04F79EFBC}") = "XEssentialGoogleAuth.Android", "XEssentialGoogleAuth.Android\XEssentialGoogleAuth.Android.csproj", "{7984D1BE-D0D2-4465-8E24-2D952B52B154}"
EndProject
Project("{FAE04EC0-301F-11D3-BF4B-00C04F79EFBC}") = "XEssentialGoogleAuth.iOS", "XEssentialGoogleAuth.iOS\XEssentialGoogleAuth.iOS.csproj", "{0B982944-6C6B-4439-A0C9-E91C994C4CE6}"
EndProject
Project("{FAE04EC0-301F-11D3-BF4B-00C04F79EFBC}") = "XEssentialGoogleAuth", "XEssentialGoogleAuth\XEssentialGoogleAuth.csproj", "{91826399-7527-4C15-8598-0D5A9AC04691}"
EndProject
Global
	GlobalSection(SolutionConfigurationPlatforms) = preSolution
		Debug|Any CPU = Debug|Any CPU
		Release|Any CPU = Release|Any CPU
		Debug|iPhoneSimulator = Debug|iPhoneSimulator
		Release|iPhoneSimulator = Release|iPhoneSimulator
		Debug|iPhone = Debug|iPhone
		Release|iPhone = Release|iPhone
	EndGlobalSection
	GlobalSection(ProjectConfigurationPlatforms) = postSolution
		{7984D1BE-D0D2-4465-8E24-2D952B52B154}.Debug|Any CPU.ActiveCfg = Debug|Any CPU
		{7984D1BE-D0D2-4465-8E24-2D952B52B154}.Debug|Any CPU.Build.0 = Debug|Any CPU
		{7984D1BE-D0D2-4465-8E24-2D952B52B154}.Release|Any CPU.ActiveCfg = Release|Any CPU
		{7984D1BE-D0D2-4465-8E24-2D952B52B154}.Release|Any CPU.Build.0 = Release|Any CPU
		{7984D1BE-D0D2-4465-8E24-2D952B52B154}.Debug|iPhoneSimulator.ActiveCfg = Debug|Any CPU
		{7984D1BE-D0D2-4465-8E24-2D952B52B154}.Debug|iPhoneSimulator.Build.0 = Debug|Any CPU
		{7984D1BE-D0D2-4465-8E24-2D952B52B154}.Release|iPhoneSimulator.ActiveCfg = Release|Any CPU
		{7984D1BE-D0D2-4465-8E24-2D952B52B154}.Release|iPhoneSimulator.Build.0 = Release|Any CPU
		{7984D1BE-D0D2-4465-8E24-2D952B52B154}.Debug|iPhone.ActiveCfg = Debug|Any CPU
		{7984D1BE-D0D2-4465-8E24-2D952B52B154}.Debug|iPhone.Build.0 = Debug|Any CPU
		{7984D1BE-D0D2-4465-8E24-2D952B52B154}.Release|iPhone.ActiveCfg = Release|Any CPU
		{7984D1BE-D0D2-4465-8E24-2D952B52B154}.Release|iPhone.Build.0 = Release|Any CPU
		{0B982944-6C6B-4439-A0C9-E91C994C4CE6}.Debug|Any CPU.ActiveCfg = Debug|iPhoneSimulator
		{0B982944-6C6B-4439-A0C9-E91C994C4CE6}.Debug|Any CPU.Build.0 = Debug|iPhoneSimulator
		{0B982944-6C6B-4439-A0C9-E91C994C4CE6}.Release|Any CPU.ActiveCfg = Release|iPhoneSimulator
		{0B982944-6C6B-4439-A0C9-E91C994C4CE6}.Release|Any CPU.Build.0 = Release|iPhoneSimulator
		{0B982944-6C6B-4439-A0C9-E91C994C4CE6}.Debug|iPhoneSimulator.ActiveCfg = Debug|iPhoneSimulator
		{0B982944-6C6B-4439-A0C9-E91C994C4CE6}.Debug|iPhoneSimulator.Build.0 = Debug|iPhoneSimulator
		{0B982944-6C6B-4439-A0C9-E91C994C4CE6}.Release|iPhoneSimulator.ActiveCfg = Release|iPhoneSimulator
		{0B982944-6C6B-4439-A0C9-E91C994C4CE6}.Release|iPhoneSimulator.Build.0 = Release|iPhoneSimulator
		{0B982944-6C6B-4439-A0C9-E91C994C4CE6}.Debug|iPhone.ActiveCfg = Debug|iPhone
		{0B982944-6C6B-4439-A0C9-E91C994C4CE6}.Debug|iPhone.Build.0 = Debug|iPhone
		{0B982944-6C6B-4439-A0C9-E91C994C4CE6}.Release|iPhone.ActiveCfg = Release|iPhone
		{0B982944-6C6B-4439-A0C9-E91C994C4CE6}.Release|iPhone.Build.0 = Release|iPhone
		{91826399-7527-4C15-8598-0D5A9AC04691}.Debug|Any CPU.ActiveCfg = Debug|Any CPU
		{91826399-7527-4C15-8598-0D5A9AC04691}.Debug|Any CPU.Build.0 = Debug|Any CPU
		{91826399-7527-4C15-8598-0D5A9AC04691}.Release|Any CPU.ActiveCfg = Release|Any CPU
		{91826399-7527-4C15-8598-0D5A9AC04691}.Release|Any CPU.Build.0 = Release|Any CPU
		{91826399-7527-4C15-8598-0D5A9AC04691}.Debug|iPhoneSimulator.ActiveCfg = Debug|Any CPU
		{91826399-7527-4C15-8598-0D5A9AC04691}.Debug|iPhoneSimulator.Build.0 = Debug|Any CPU
		{91826399-7527-4C15-8598-0D5A9AC04691}.Release|iPhoneSimulator.ActiveCfg = Release|Any CPU
		{91826399-7527-4C15-8598-0D5A9AC04691}.Release|iPhoneSimulator.Build.0 = Release|Any CPU
		{91826399-7527-4C15-8598-0D5A9AC04691}.Debug|iPhone.ActiveCfg = Debug|Any CPU
		{91826399-7527-4C15-8598-0D5A9AC04691}.Debug|iPhone.Build.0 = Debug|Any CPU
		{91826399-7527-4C15-8598-0D5A9AC04691}.Release|iPhone.ActiveCfg = Release|Any CPU
		{91826399-7527-4C15-8598-0D5A9AC04691}.Release|iPhone.Build.0 = Release|Any CPU
	EndGlobalSection
EndGlobal
